// !$*UTF8*$!
{
	archiveVersion = 1;
	classes = {
	};
	objectVersion = 46;
	objects = {

/* Begin PBXBuildFile section */
		D917FD141C6D115D00FC8841 /* AppDelegate.swift in Sources */ = {isa = PBXBuildFile; fileRef = D917FD131C6D115D00FC8841 /* AppDelegate.swift */; };
		D917FD161C6D115D00FC8841 /* ViewController.swift in Sources */ = {isa = PBXBuildFile; fileRef = D917FD151C6D115D00FC8841 /* ViewController.swift */; };
		D917FD191C6D115D00FC8841 /* Main.storyboard in Resources */ = {isa = PBXBuildFile; fileRef = D917FD171C6D115D00FC8841 /* Main.storyboard */; };
		D917FD1B1C6D115D00FC8841 /* Assets.xcassets in Resources */ = {isa = PBXBuildFile; fileRef = D917FD1A1C6D115D00FC8841 /* Assets.xcassets */; };
		D917FD1E1C6D115D00FC8841 /* LaunchScreen.storyboard in Resources */ = {isa = PBXBuildFile; fileRef = D917FD1C1C6D115D00FC8841 /* LaunchScreen.storyboard */; };
		D917FD671C6D175700FC8841 /* blockly_compressed_horizontal.js in Resources */ = {isa = PBXBuildFile; fileRef = D917FD5A1C6D175700FC8841 /* blockly_compressed_horizontal.js */; };
		D917FD681C6D175700FC8841 /* blockly_compressed_vertical.js in Resources */ = {isa = PBXBuildFile; fileRef = D917FD5B1C6D175700FC8841 /* blockly_compressed_vertical.js */; };
		D917FD691C6D175700FC8841 /* blockly_uncompressed_horizontal.js in Resources */ = {isa = PBXBuildFile; fileRef = D917FD5C1C6D175700FC8841 /* blockly_uncompressed_horizontal.js */; };
		D917FD6A1C6D175700FC8841 /* blockly_uncompressed_vertical.js in Resources */ = {isa = PBXBuildFile; fileRef = D917FD5D1C6D175700FC8841 /* blockly_uncompressed_vertical.js */; };
		D917FD6C1C6D175700FC8841 /* blocks_compressed.js in Resources */ = {isa = PBXBuildFile; fileRef = D917FD5F1C6D175700FC8841 /* blocks_compressed.js */; };
		D917FD6D1C6D175700FC8841 /* blocks_horizontal in Resources */ = {isa = PBXBuildFile; fileRef = D917FD601C6D175700FC8841 /* blocks_horizontal */; };
		D917FD701C6D175700FC8841 /* javascript_compressed.js in Resources */ = {isa = PBXBuildFile; fileRef = D917FD631C6D175700FC8841 /* javascript_compressed.js */; };
		D917FD711C6D175700FC8841 /* media in Resources */ = {isa = PBXBuildFile; fileRef = D917FD641C6D175700FC8841 /* media */; };
		D917FD721C6D175700FC8841 /* msg in Resources */ = {isa = PBXBuildFile; fileRef = D917FD651C6D175700FC8841 /* msg */; };
		D917FD751C6D185000FC8841 /* playgrounds in Resources */ = {isa = PBXBuildFile; fileRef = D917FD741C6D185000FC8841 /* playgrounds */; };
		D917FD771C6D18E400FC8841 /* Settings.bundle in Resources */ = {isa = PBXBuildFile; fileRef = D917FD761C6D18E400FC8841 /* Settings.bundle */; };
/* End PBXBuildFile section */

/* Begin PBXFileReference section */
		D917FD101C6D115D00FC8841 /* ScratchBlockly.app */ = {isa = PBXFileReference; explicitFileType = wrapper.application; includeInIndex = 0; path = ScratchBlockly.app; sourceTree = BUILT_PRODUCTS_DIR; };
		D917FD131C6D115D00FC8841 /* AppDelegate.swift */ = {isa = PBXFileReference; lastKnownFileType = sourcecode.swift; path = AppDelegate.swift; sourceTree = "<group>"; };
		D917FD151C6D115D00FC8841 /* ViewController.swift */ = {isa = PBXFileReference; lastKnownFileType = sourcecode.swift; path = ViewController.swift; sourceTree = "<group>"; };
		D917FD181C6D115D00FC8841 /* Base */ = {isa = PBXFileReference; lastKnownFileType = file.storyboard; name = Base; path = Base.lproj/Main.storyboard; sourceTree = "<group>"; };
		D917FD1A1C6D115D00FC8841 /* Assets.xcassets */ = {isa = PBXFileReference; lastKnownFileType = folder.assetcatalog; path = Assets.xcassets; sourceTree = "<group>"; };
		D917FD1D1C6D115D00FC8841 /* Base */ = {isa = PBXFileReference; lastKnownFileType = file.storyboard; name = Base; path = Base.lproj/LaunchScreen.storyboard; sourceTree = "<group>"; };
		D917FD1F1C6D115D00FC8841 /* Info.plist */ = {isa = PBXFileReference; lastKnownFileType = text.plist.xml; path = Info.plist; sourceTree = "<group>"; };
		D917FD5A1C6D175700FC8841 /* blockly_compressed_horizontal.js */ = {isa = PBXFileReference; lastKnownFileType = sourcecode.javascript; name = blockly_compressed_horizontal.js; path = ../../blockly_compressed_horizontal.js; sourceTree = "<group>"; };
		D917FD5B1C6D175700FC8841 /* blockly_compressed_vertical.js */ = {isa = PBXFileReference; lastKnownFileType = sourcecode.javascript; name = blockly_compressed_vertical.js; path = ../../blockly_compressed_vertical.js; sourceTree = "<group>"; };
		D917FD5C1C6D175700FC8841 /* blockly_uncompressed_horizontal.js */ = {isa = PBXFileReference; lastKnownFileType = sourcecode.javascript; name = blockly_uncompressed_horizontal.js; path = ../../blockly_uncompressed_horizontal.js; sourceTree = "<group>"; };
		D917FD5D1C6D175700FC8841 /* blockly_uncompressed_vertical.js */ = {isa = PBXFileReference; lastKnownFileType = sourcecode.javascript; name = blockly_uncompressed_vertical.js; path = ../../blockly_uncompressed_vertical.js; sourceTree = "<group>"; };
		D917FD5F1C6D175700FC8841 /* blocks_compressed.js */ = {isa = PBXFileReference; lastKnownFileType = sourcecode.javascript; name = blocks_compressed.js; path = ../../blocks_compressed.js; sourceTree = "<group>"; };
		D917FD601C6D175700FC8841 /* blocks_horizontal */ = {isa = PBXFileReference; lastKnownFileType = folder; name = blocks_horizontal; path = ../../blocks_horizontal; sourceTree = "<group>"; };
		D917FD631C6D175700FC8841 /* javascript_compressed.js */ = {isa = PBXFileReference; lastKnownFileType = sourcecode.javascript; name = javascript_compressed.js; path = ../../javascript_compressed.js; sourceTree = "<group>"; };
		D917FD641C6D175700FC8841 /* media */ = {isa = PBXFileReference; lastKnownFileType = folder; name = media; path = ../../media; sourceTree = "<group>"; };
		D917FD651C6D175700FC8841 /* msg */ = {isa = PBXFileReference; lastKnownFileType = folder; name = msg; path = ../../msg; sourceTree = "<group>"; };
		D917FD741C6D185000FC8841 /* playgrounds */ = {isa = PBXFileReference; lastKnownFileType = folder; name = playgrounds; path = ../playgrounds; sourceTree = "<group>"; };
		D917FD761C6D18E400FC8841 /* Settings.bundle */ = {isa = PBXFileReference; lastKnownFileType = "wrapper.plug-in"; path = Settings.bundle; sourceTree = "<group>"; };
/* End PBXFileReference section */

/* Begin PBXFrameworksBuildPhase section */
		D917FD0D1C6D115D00FC8841 /* Frameworks */ = {
			isa = PBXFrameworksBuildPhase;
			buildActionMask = 2147483647;
			files = (
			);
			runOnlyForDeploymentPostprocessing = 0;
		};
/* End PBXFrameworksBuildPhase section */

/* Begin PBXGroup section */
		D917FD071C6D115D00FC8841 = {
			isa = PBXGroup;
			children = (
				D917FD741C6D185000FC8841 /* playgrounds */,
				D917FD5A1C6D175700FC8841 /* blockly_compressed_horizontal.js */,
				D917FD5B1C6D175700FC8841 /* blockly_compressed_vertical.js */,
				D917FD5C1C6D175700FC8841 /* blockly_uncompressed_horizontal.js */,
				D917FD5D1C6D175700FC8841 /* blockly_uncompressed_vertical.js */,
				D917FD5F1C6D175700FC8841 /* blocks_compressed.js */,
				D917FD601C6D175700FC8841 /* blocks_horizontal */,
				D917FD631C6D175700FC8841 /* javascript_compressed.js */,
				D917FD641C6D175700FC8841 /* media */,
				D917FD651C6D175700FC8841 /* msg */,
				D917FD121C6D115D00FC8841 /* ScratchBlockly */,
				D917FD111C6D115D00FC8841 /* Products */,
			);
			sourceTree = "<group>";
		};
		D917FD111C6D115D00FC8841 /* Products */ = {
			isa = PBXGroup;
			children = (
				D917FD101C6D115D00FC8841 /* ScratchBlockly.app */,
			);
			name = Products;
			sourceTree = "<group>";
		};
		D917FD121C6D115D00FC8841 /* ScratchBlockly */ = {
			isa = PBXGroup;
			children = (
				D917FD761C6D18E400FC8841 /* Settings.bundle */,
				D917FD131C6D115D00FC8841 /* AppDelegate.swift */,
				D917FD151C6D115D00FC8841 /* ViewController.swift */,
				D917FD171C6D115D00FC8841 /* Main.storyboard */,
				D917FD1A1C6D115D00FC8841 /* Assets.xcassets */,
				D917FD1C1C6D115D00FC8841 /* LaunchScreen.storyboard */,
				D917FD1F1C6D115D00FC8841 /* Info.plist */,
			);
			path = ScratchBlockly;
			sourceTree = "<group>";
		};
/* End PBXGroup section */

/* Begin PBXNativeTarget section */
		D917FD0F1C6D115D00FC8841 /* ScratchBlockly */ = {
			isa = PBXNativeTarget;
			buildConfigurationList = D917FD221C6D115D00FC8841 /* Build configuration list for PBXNativeTarget "ScratchBlockly" */;
			buildPhases = (
				D917FD0C1C6D115D00FC8841 /* Sources */,
				D917FD0D1C6D115D00FC8841 /* Frameworks */,
				D917FD0E1C6D115D00FC8841 /* Resources */,
			);
			buildRules = (
			);
			dependencies = (
			);
			name = ScratchBlockly;
			productName = ScratchBlockly;
			productReference = D917FD101C6D115D00FC8841 /* ScratchBlockly.app */;
			productType = "com.apple.product-type.application";
		};
/* End PBXNativeTarget section */

/* Begin PBXProject section */
		D917FD081C6D115D00FC8841 /* Project object */ = {
			isa = PBXProject;
			attributes = {
				LastSwiftUpdateCheck = 0720;
				LastUpgradeCheck = 0720;
				ORGANIZATIONNAME = "MIT Media Lab";
				TargetAttributes = {
					D917FD0F1C6D115D00FC8841 = {
						CreatedOnToolsVersion = 7.2.1;
					};
				};
			};
			buildConfigurationList = D917FD0B1C6D115D00FC8841 /* Build configuration list for PBXProject "ScratchBlockly" */;
			compatibilityVersion = "Xcode 3.2";
			developmentRegion = English;
			hasScannedForEncodings = 0;
			knownRegions = (
				en,
				Base,
			);
			mainGroup = D917FD071C6D115D00FC8841;
			productRefGroup = D917FD111C6D115D00FC8841 /* Products */;
			projectDirPath = "";
			projectRoot = "";
			targets = (
				D917FD0F1C6D115D00FC8841 /* ScratchBlockly */,
			);
		};
/* End PBXProject section */

/* Begin PBXResourcesBuildPhase section */
		D917FD0E1C6D115D00FC8841 /* Resources */ = {
			isa = PBXResourcesBuildPhase;
			buildActionMask = 2147483647;
			files = (
				D917FD751C6D185000FC8841 /* playgrounds in Resources */,
				D917FD671C6D175700FC8841 /* blockly_compressed_horizontal.js in Resources */,
				D917FD681C6D175700FC8841 /* blockly_compressed_vertical.js in Resources */,
				D917FD691C6D175700FC8841 /* blockly_uncompressed_horizontal.js in Resources */,
				D917FD6A1C6D175700FC8841 /* blockly_uncompressed_vertical.js in Resources */,
				D917FD6C1C6D175700FC8841 /* blocks_compressed.js in Resources */,
				D917FD771C6D18E400FC8841 /* Settings.bundle in Resources */,
				D917FD6D1C6D175700FC8841 /* blocks_horizontal in Resources */,
				D917FD701C6D175700FC8841 /* javascript_compressed.js in Resources */,
				D917FD711C6D175700FC8841 /* media in Resources */,
				D917FD721C6D175700FC8841 /* msg in Resources */,
				D917FD1E1C6D115D00FC8841 /* LaunchScreen.storyboard in Resources */,
				D917FD1B1C6D115D00FC8841 /* Assets.xcassets in Resources */,
				D917FD191C6D115D00FC8841 /* Main.storyboard in Resources */,
			);
			runOnlyForDeploymentPostprocessing = 0;
		};
/* End PBXResourcesBuildPhase section */

/* Begin PBXSourcesBuildPhase section */
		D917FD0C1C6D115D00FC8841 /* Sources */ = {
			isa = PBXSourcesBuildPhase;
			buildActionMask = 2147483647;
			files = (
				D917FD161C6D115D00FC8841 /* ViewController.swift in Sources */,
				D917FD141C6D115D00FC8841 /* AppDelegate.swift in Sources */,
			);
			runOnlyForDeploymentPostprocessing = 0;
		};
/* End PBXSourcesBuildPhase section */

/* Begin PBXVariantGroup section */
		D917FD171C6D115D00FC8841 /* Main.storyboard */ = {
			isa = PBXVariantGroup;
			children = (
				D917FD181C6D115D00FC8841 /* Base */,
			);
			name = Main.storyboard;
			sourceTree = "<group>";
		};
		D917FD1C1C6D115D00FC8841 /* LaunchScreen.storyboard */ = {
			isa = PBXVariantGroup;
			children = (
				D917FD1D1C6D115D00FC8841 /* Base */,
			);
			name = LaunchScreen.storyboard;
			sourceTree = "<group>";
		};
/* End PBXVariantGroup section */

/* Begin XCBuildConfiguration section */
		D917FD201C6D115D00FC8841 /* Debug */ = {
			isa = XCBuildConfiguration;
			buildSettings = {
				ALWAYS_SEARCH_USER_PATHS = NO;
				CLANG_CXX_LANGUAGE_STANDARD = "gnu++0x";
				CLANG_CXX_LIBRARY = "libc++";
				CLANG_ENABLE_MODULES = YES;
				CLANG_ENABLE_OBJC_ARC = YES;
				CLANG_WARN_BOOL_CONVERSION = YES;
				CLANG_WARN_CONSTANT_CONVERSION = YES;
				CLANG_WARN_DIRECT_OBJC_ISA_USAGE = YES_ERROR;
				CLANG_WARN_EMPTY_BODY = YES;
				CLANG_WARN_ENUM_CONVERSION = YES;
				CLANG_WARN_INT_CONVERSION = YES;
				CLANG_WARN_OBJC_ROOT_CLASS = YES_ERROR;
				CLANG_WARN_UNREACHABLE_CODE = YES;
				CLANG_WARN__DUPLICATE_METHOD_MATCH = YES;
				"CODE_SIGN_IDENTITY[sdk=iphoneos*]" = "iPhone Developer";
				COPY_PHASE_STRIP = NO;
				DEBUG_INFORMATION_FORMAT = dwarf;
				ENABLE_STRICT_OBJC_MSGSEND = YES;
				ENABLE_TESTABILITY = YES;
				GCC_C_LANGUAGE_STANDARD = gnu99;
				GCC_DYNAMIC_NO_PIC = NO;
				GCC_NO_COMMON_BLOCKS = YES;
				GCC_OPTIMIZATION_LEVEL = 0;
				GCC_PREPROCESSOR_DEFINITIONS = (
					"DEBUG=1",
					"$(inherited)",
				);
				GCC_WARN_64_TO_32_BIT_CONVERSION = YES;
				GCC_WARN_ABOUT_RETURN_TYPE = YES_ERROR;
				GCC_WARN_UNDECLARED_SELECTOR = YES;
				GCC_WARN_UNINITIALIZED_AUTOS = YES_AGGRESSIVE;
				GCC_WARN_UNUSED_FUNCTION = YES;
				GCC_WARN_UNUSED_VARIABLE = YES;
				IPHONEOS_DEPLOYMENT_TARGET = 9.2;
				MTL_ENABLE_DEBUG_INFO = YES;
				ONLY_ACTIVE_ARCH = YES;
				SDKROOT = iphoneos;
				SWIFT_OPTIMIZATION_LEVEL = "-Onone";
				TARGETED_DEVICE_FAMILY = "1,2";
			};
			name = Debug;
		};
		D917FD211C6D115D00FC8841 /* Release */ = {
			isa = XCBuildConfiguration;
			buildSettings = {
				ALWAYS_SEARCH_USER_PATHS = NO;
				CLANG_CXX_LANGUAGE_STANDARD = "gnu++0x";
				CLANG_CXX_LIBRARY = "libc++";
				CLANG_ENABLE_MODULES = YES;
				CLANG_ENABLE_OBJC_ARC = YES;
				CLANG_WARN_BOOL_CONVERSION = YES;
				CLANG_WARN_CONSTANT_CONVERSION = YES;
				CLANG_WARN_DIRECT_OBJC_ISA_USAGE = YES_ERROR;
				CLANG_WARN_EMPTY_BODY = YES;
				CLANG_WARN_ENUM_CONVERSION = YES;
				CLANG_WARN_INT_CONVERSION = YES;
				CLANG_WARN_OBJC_ROOT_CLASS = YES_ERROR;
				CLANG_WARN_UNREACHABLE_CODE = YES;
				CLANG_WARN__DUPLICATE_METHOD_MATCH = YES;
				"CODE_SIGN_IDENTITY[sdk=iphoneos*]" = "iPhone Developer";
				COPY_PHASE_STRIP = NO;
				DEBUG_INFORMATION_FORMAT = "dwarf-with-dsym";
				ENABLE_NS_ASSERTIONS = NO;
				ENABLE_STRICT_OBJC_MSGSEND = YES;
				GCC_C_LANGUAGE_STANDARD = gnu99;
				GCC_NO_COMMON_BLOCKS = YES;
				GCC_WARN_64_TO_32_BIT_CONVERSION = YES;
				GCC_WARN_ABOUT_RETURN_TYPE = YES_ERROR;
				GCC_WARN_UNDECLARED_SELECTOR = YES;
				GCC_WARN_UNINITIALIZED_AUTOS = YES_AGGRESSIVE;
				GCC_WARN_UNUSED_FUNCTION = YES;
				GCC_WARN_UNUSED_VARIABLE = YES;
				IPHONEOS_DEPLOYMENT_TARGET = 9.2;
				MTL_ENABLE_DEBUG_INFO = NO;
				SDKROOT = iphoneos;
				TARGETED_DEVICE_FAMILY = "1,2";
				VALIDATE_PRODUCT = YES;
			};
			name = Release;
		};
		D917FD231C6D115D00FC8841 /* Debug */ = {
			isa = XCBuildConfiguration;
			buildSettings = {
				ASSETCATALOG_COMPILER_APPICON_NAME = AppIcon;
				INFOPLIST_FILE = ScratchBlockly/Info.plist;
				LD_RUNPATH_SEARCH_PATHS = "$(inherited) @executable_path/Frameworks";
				PRODUCT_BUNDLE_IDENTIFIER = edu.mit.scratch.ScratchBlockly;
				PRODUCT_NAME = "$(TARGET_NAME)";
			};
			name = Debug;
		};
		D917FD241C6D115D00FC8841 /* Release */ = {
			isa = XCBuildConfiguration;
			buildSettings = {
				ASSETCATALOG_COMPILER_APPICON_NAME = AppIcon;
				INFOPLIST_FILE = ScratchBlockly/Info.plist;
				LD_RUNPATH_SEARCH_PATHS = "$(inherited) @executable_path/Frameworks";
				PRODUCT_BUNDLE_IDENTIFIER = edu.mit.scratch.ScratchBlockly;
				PRODUCT_NAME = "$(TARGET_NAME)";
			};
			name = Release;
		};
/* End XCBuildConfiguration section */

/* Begin XCConfigurationList section */
		D917FD0B1C6D115D00FC8841 /* Build configuration list for PBXProject "ScratchBlockly" */ = {
			isa = XCConfigurationList;
			buildConfigurations = (
				D917FD201C6D115D00FC8841 /* Debug */,
				D917FD211C6D115D00FC8841 /* Release */,
			);
			defaultConfigurationIsVisible = 0;
			defaultConfigurationName = Release;
		};
		D917FD221C6D115D00FC8841 /* Build configuration list for PBXNativeTarget "ScratchBlockly" */ = {
			isa = XCConfigurationList;
			buildConfigurations = (
				D917FD231C6D115D00FC8841 /* Debug */,
				D917FD241C6D115D00FC8841 /* Release */,
			);
			defaultConfigurationIsVisible = 0;
		};
/* End XCConfigurationList section */
	};
	rootObject = D917FD081C6D115D00FC8841 /* Project object */;
}
